{
    "_readme": [
        "This file locks the dependencies of your project to a known state",
        "Read more about it at https://getcomposer.org/doc/01-basic-usage.md#installing-dependencies",
        "This file is @generated automatically"
    ],
    "content-hash": "02445bf651d9f0415ac7660fd4046004",
    "packages": [
        {
            "name": "acf/advanced-custom-fields-pro",
            "version": "5.12",
            "dist": {
                "type": "zip",
                "url": "https://composer.wp.dsd.io/dist/acf/advanced-custom-fields-pro/acf-advanced-custom-fields-pro-5.12.zip",
                "shasum": "4a3ad067e49b971722aa02abcec1a41c579f9cb2"
            },
            "type": "wordpress-plugin"
        },
        {
            "name": "composer/installers",
            "version": "v1.12.0",
            "source": {
                "type": "git",
                "url": "https://github.com/composer/installers.git",
                "reference": "d20a64ed3c94748397ff5973488761b22f6d3f19"
            },
            "dist": {
                "type": "zip",
                "url": "https://api.github.com/repos/composer/installers/zipball/d20a64ed3c94748397ff5973488761b22f6d3f19",
                "reference": "d20a64ed3c94748397ff5973488761b22f6d3f19",
                "shasum": ""
            },
            "require": {
                "composer-plugin-api": "^1.0 || ^2.0"
            },
            "replace": {
                "roundcube/plugin-installer": "*",
                "shama/baton": "*"
            },
            "require-dev": {
                "composer/composer": "1.6.* || ^2.0",
                "composer/semver": "^1 || ^3",
                "phpstan/phpstan": "^0.12.55",
                "phpstan/phpstan-phpunit": "^0.12.16",
                "symfony/phpunit-bridge": "^4.2 || ^5",
                "symfony/process": "^2.3"
            },
            "type": "composer-plugin",
            "extra": {
                "class": "Composer\\Installers\\Plugin",
                "branch-alias": {
                    "dev-main": "1.x-dev"
                }
            },
            "autoload": {
                "psr-4": {
                    "Composer\\Installers\\": "src/Composer/Installers"
                }
            },
            "notification-url": "https://packagist.org/downloads/",
            "license": [
                "MIT"
            ],
            "authors": [
                {
                    "name": "Kyle Robinson Young",
                    "email": "kyle@dontkry.com",
                    "homepage": "https://github.com/shama"
                }
            ],
            "description": "A multi-framework Composer library installer",
            "homepage": "https://composer.github.io/installers/",
            "keywords": [
                "Craft",
                "Dolibarr",
                "Eliasis",
                "Hurad",
                "ImageCMS",
                "Kanboard",
                "Lan Management System",
                "MODX Evo",
                "MantisBT",
                "Mautic",
                "Maya",
                "OXID",
                "Plentymarkets",
                "Porto",
                "RadPHP",
                "SMF",
                "Starbug",
                "Thelia",
                "Whmcs",
                "WolfCMS",
                "agl",
                "aimeos",
                "annotatecms",
                "attogram",
                "bitrix",
                "cakephp",
                "chef",
                "cockpit",
                "codeigniter",
                "concrete5",
                "croogo",
                "dokuwiki",
                "drupal",
                "eZ Platform",
                "elgg",
                "expressionengine",
                "fuelphp",
                "grav",
                "installer",
                "itop",
                "joomla",
                "known",
                "kohana",
                "laravel",
                "lavalite",
                "lithium",
                "magento",
                "majima",
                "mako",
                "mediawiki",
                "miaoxing",
                "modulework",
                "modx",
                "moodle",
                "osclass",
                "pantheon",
                "phpbb",
                "piwik",
                "ppi",
                "processwire",
                "puppet",
                "pxcms",
                "reindex",
                "roundcube",
                "shopware",
                "silverstripe",
                "sydes",
                "sylius",
                "symfony",
                "tastyigniter",
                "typo3",
                "wordpress",
                "yawik",
                "zend",
                "zikula"
            ],
            "support": {
                "issues": "https://github.com/composer/installers/issues",
                "source": "https://github.com/composer/installers/tree/v1.12.0"
            },
            "funding": [
                {
                    "url": "https://packagist.com",
                    "type": "custom"
                },
                {
                    "url": "https://github.com/composer",
                    "type": "github"
                },
                {
                    "url": "https://tidelift.com/funding/github/packagist/composer/composer",
                    "type": "tidelift"
                }
            ],
            "time": "2021-09-13T08:19:44+00:00"
        },
        {
            "name": "johnpbloch/wordpress",
            "version": "5.9.1",
            "source": {
                "type": "git",
                "url": "https://github.com/johnpbloch/wordpress.git",
                "reference": "37734d678aac2d8cae73271583e638eaa82823d2"
            },
            "dist": {
                "type": "zip",
                "url": "https://api.github.com/repos/johnpbloch/wordpress/zipball/37734d678aac2d8cae73271583e638eaa82823d2",
                "reference": "37734d678aac2d8cae73271583e638eaa82823d2",
                "shasum": ""
            },
            "require": {
                "johnpbloch/wordpress-core": "5.9.1",
                "johnpbloch/wordpress-core-installer": "^1.0 || ^2.0",
                "php": ">=5.6.20"
            },
            "type": "package",
            "notification-url": "https://packagist.org/downloads/",
            "license": [
                "GPL-2.0+"
            ],
            "authors": [
                {
                    "name": "WordPress Community",
                    "homepage": "http://wordpress.org/about/"
                }
            ],
            "description": "WordPress is open source software you can use to create a beautiful website, blog, or app.",
            "homepage": "http://wordpress.org/",
            "keywords": [
                "blog",
                "cms",
                "wordpress"
            ],
            "support": {
                "forum": "http://wordpress.org/support/",
                "irc": "irc://irc.freenode.net/wordpress",
                "issues": "http://core.trac.wordpress.org/",
                "source": "http://core.trac.wordpress.org/browser",
                "wiki": "http://codex.wordpress.org/"
            },
            "time": "2022-02-22T15:31:51+00:00"
        },
        {
            "name": "johnpbloch/wordpress-core",
            "version": "5.9.1",
            "source": {
                "type": "git",
                "url": "https://github.com/johnpbloch/wordpress-core.git",
                "reference": "2c3acb773b91a72ab83ee039532d2c7e0b6f2127"
            },
            "dist": {
                "type": "zip",
                "url": "https://api.github.com/repos/johnpbloch/wordpress-core/zipball/2c3acb773b91a72ab83ee039532d2c7e0b6f2127",
                "reference": "2c3acb773b91a72ab83ee039532d2c7e0b6f2127",
                "shasum": ""
            },
            "require": {
                "ext-json": "*",
                "php": ">=5.6.20"
            },
            "provide": {
                "wordpress/core-implementation": "5.9.1"
            },
            "type": "wordpress-core",
            "notification-url": "https://packagist.org/downloads/",
            "license": [
                "GPL-2.0-or-later"
            ],
            "authors": [
                {
                    "name": "WordPress Community",
                    "homepage": "https://wordpress.org/about/"
                }
            ],
            "description": "WordPress is open source software you can use to create a beautiful website, blog, or app.",
            "homepage": "https://wordpress.org/",
            "keywords": [
                "blog",
                "cms",
                "wordpress"
            ],
            "support": {
                "forum": "https://wordpress.org/support/",
                "irc": "irc://irc.freenode.net/wordpress",
                "issues": "https://core.trac.wordpress.org/",
                "source": "https://core.trac.wordpress.org/browser",
                "wiki": "https://codex.wordpress.org/"
            },
            "time": "2022-02-22T15:31:48+00:00"
        },
        {
            "name": "johnpbloch/wordpress-core-installer",
            "version": "2.0.0",
            "source": {
                "type": "git",
                "url": "https://github.com/johnpbloch/wordpress-core-installer.git",
                "reference": "237faae9a60a4a2e1d45dce1a5836ffa616de63e"
            },
            "dist": {
                "type": "zip",
                "url": "https://api.github.com/repos/johnpbloch/wordpress-core-installer/zipball/237faae9a60a4a2e1d45dce1a5836ffa616de63e",
                "reference": "237faae9a60a4a2e1d45dce1a5836ffa616de63e",
                "shasum": ""
            },
            "require": {
                "composer-plugin-api": "^1.0 || ^2.0",
                "php": ">=5.6.0"
            },
            "conflict": {
                "composer/installers": "<1.0.6"
            },
            "require-dev": {
                "composer/composer": "^1.0 || ^2.0",
                "phpunit/phpunit": ">=5.7.27"
            },
            "type": "composer-plugin",
            "extra": {
                "class": "johnpbloch\\Composer\\WordPressCorePlugin"
            },
            "autoload": {
                "psr-0": {
                    "johnpbloch\\Composer\\": "src/"
                }
            },
            "notification-url": "https://packagist.org/downloads/",
            "license": [
                "GPL-2.0-or-later"
            ],
            "authors": [
                {
                    "name": "John P. Bloch",
                    "email": "me@johnpbloch.com"
                }
            ],
            "description": "A custom installer to handle deploying WordPress with composer",
            "keywords": [
                "wordpress"
            ],
            "support": {
                "issues": "https://github.com/johnpbloch/wordpress-core-installer/issues",
                "source": "https://github.com/johnpbloch/wordpress-core-installer/tree/master"
            },
            "time": "2020-04-16T21:44:57+00:00"
        },
        {
            "name": "koodimonni-language/core-en_gb",
            "version": "5.9.1",
            "dist": {
                "type": "zip",
                "url": "https://downloads.wordpress.org/translation/core/5.9.1/en_GB.zip"
            },
            "require": {
                "koodimonni/composer-dropin-installer": ">=0.2.3"
            },
            "type": "wordpress-language",
            "description": "WordPress core translations for English (UK) - en_gb",
            "keywords": [
                "Translation",
                "WordPress",
                "core",
                "en_gb"
            ]
        },
        {
            "name": "koodimonni/composer-dropin-installer",
            "version": "1.4",
            "source": {
                "type": "git",
                "url": "https://github.com/Koodimonni/Composer-Dropin-Installer.git",
                "reference": "9596ef8f50cbba2cdc707ca3b1f5e4a0e9fa7e7e"
            },
            "dist": {
                "type": "zip",
                "url": "https://api.github.com/repos/Koodimonni/Composer-Dropin-Installer/zipball/9596ef8f50cbba2cdc707ca3b1f5e4a0e9fa7e7e",
                "reference": "9596ef8f50cbba2cdc707ca3b1f5e4a0e9fa7e7e",
                "shasum": ""
            },
            "require": {
                "composer-plugin-api": "^1.0 | ^2.0",
                "php": ">=5.3.2"
            },
            "require-dev": {
                "phpunit/phpunit": "^5.7"
            },
            "type": "composer-plugin",
            "extra": {
                "class": "Koodimonni\\Composer\\Dropin"
            },
            "autoload": {
                "psr-4": {
                    "Koodimonni\\Composer\\": "src/"
                }
            },
            "notification-url": "https://packagist.org/downloads/",
            "license": [
                "WTFPL"
            ],
            "authors": [
                {
                    "name": "Onni Hakala",
                    "email": "onni@keksi.io",
                    "role": "Developer"
                }
            ],
            "description": "Install packages or a few files from packages into custom paths without overwriting existing stuff.",
            "support": {
                "issues": "https://github.com/Koodimonni/Composer-Dropin-Installer/issues",
                "source": "https://github.com/Koodimonni/Composer-Dropin-Installer/tree/1.4"
            },
            "time": "2022-02-02T11:42:57+00:00"
        },
        {
            "name": "ministryofjustice/cookie-compliance-for-wordpress",
            "version": "3.2.1",
            "source": {
                "type": "git",
                "url": "https://github.com/ministryofjustice/cookie-compliance-for-wordpress.git",
                "reference": "67ae08827bddf61d485b9addba32ae39f68aefdf"
            },
            "dist": {
                "type": "zip",
                "url": "https://composer.wp.dsd.io/dist/ministryofjustice/cookie-compliance-for-wordpress/ministryofjustice-cookie-compliance-for-wordpress-67ae08827bddf61d485b9addba32ae39f68aefdf-zip-de97b3.zip",
                "reference": "67ae08827bddf61d485b9addba32ae39f68aefdf",
                "shasum": "eba8752d295ef7f09c2592fe5bfffacc06df1caa"
            },
            "require-dev": {
                "composer/composer": "*",
                "squizlabs/php_codesniffer": "*"
            },
            "type": "wordpress-plugin",
            "scripts": {
                "phpcs-config-set": [
                    "phpcs --config-set ignore_warnings_on_exit 1"
                ],
                "phpcs": [
                    "phpcs --extensions=php --ignore=*/vendor/* --standard=PSR12 ."
                ],
                "phpcbf": [
                    "phpcbf --extensions=php --ignore=*/vendor/* --standard=PSR12 ."
                ]
            },
            "license": [
                "MIT"
            ],
            "description": "WP plugin that presents visitor with a cookie consent banner and opt-in setting page.",
            "support": {
                "source": "https://github.com/ministryofjustice/cookie-compliance-for-wordpress/tree/3.2.1",
                "issues": "https://github.com/ministryofjustice/cookie-compliance-for-wordpress/issues"
            },
            "time": "2022-02-23T10:32:21+00:00"
        },
        {
            "name": "ministryofjustice/wp-moj-components",
            "version": "3.5.1",
            "source": {
                "type": "git",
                "url": "https://github.com/ministryofjustice/wp-moj-components.git",
                "reference": "bc735aaab6ee2d67e6afed2fad6399ecf9accf05"
            },
            "dist": {
                "type": "zip",
                "url": "https://composer.wp.dsd.io/dist/ministryofjustice/wp-moj-components/ministryofjustice-wp-moj-components-bc735aaab6ee2d67e6afed2fad6399ecf9accf05-zip-447db5.zip",
                "reference": "bc735aaab6ee2d67e6afed2fad6399ecf9accf05",
                "shasum": "409a59383d53bfcdb53696b3356b9d4191cefc1b"
            },
            "require": {
                "composer/installers": "^1.0"
            },
            "require-dev": {
                "10up/wp_mock": "0.4.2",
                "composer/composer": "*",
                "phpmd/phpmd": "^2.7",
                "squizlabs/php_codesniffer": "*"
            },
            "type": "wordpress-muplugin",
            "autoload": {
                "psr-4": {
                    "MOJComponents\\": "component/"
                }
            },
            "scripts": {
                "phpcs-config-set": [
                    "phpcs --config-set ignore_warnings_on_exit 1"
                ],
                "phpcs": [
                    "phpcs --extensions=php --ignore=*/vendor/* --standard=PSR12 ."
                ],
                "phpcbf": [
                    "phpcbf --extensions=php --ignore=*/vendor/* --standard=PSR12 ."
                ],
                "test": [
                    "vendor/bin/phpunit",
                    "vendor/bin/phpcs -p",
                    "vendor/bin/phpmd component/ text cleancode,codesize,controversial,design,naming,unusedcode"
                ],
                "coverage": [
                    "vendor/bin/phpunit --coverage-html coverage --whitelist component"
                ]
            },
            "license": [
                "MIT"
            ],
            "authors": [
                {
                    "name": "Damien Wilson",
                    "email": "wordpress@digital.justice.gov.uk"
                },
                {
                    "name": "Robert Lowe",
                    "email": "wordpress@digital.justice.gov.uk"
                },
                {
                    "name": "Adam Brown",
                    "email": "wordpress@digital.justice.gov.uk"
                }
            ],
            "description": "A plugin to introduce global functions to a collection of WP sites",
            "support": {
                "source": "https://github.com/ministryofjustice/wp-moj-components/tree/3.5.1",
                "issues": "https://github.com/ministryofjustice/wp-moj-components/issues"
            },
            "time": "2022-02-23T10:40:42+00:00"
        },
        {
            "name": "ministryofjustice/wp-rewrite-media-to-s3",
            "version": "0.3.1",
            "source": {
                "type": "git",
                "url": "https://github.com/ministryofjustice/wp-rewrite-media-to-s3.git",
                "reference": "c65aeaa5beb9498ac316609a20a8fbe99be464d6"
            },
            "dist": {
                "type": "zip",
                "url": "https://composer.wp.dsd.io/dist/ministryofjustice/wp-rewrite-media-to-s3/ministryofjustice-wp-rewrite-media-to-s3-c65aeaa5beb9498ac316609a20a8fbe99be464d6-zip-b81a1e.zip",
                "reference": "c65aeaa5beb9498ac316609a20a8fbe99be464d6",
                "shasum": "5b1e9d8b7c41db0910adac6266a9c3837557949f"
            },
            "require": {
                "composer/installers": "^1.0"
            },
            "require-dev": {
                "phpunit/phpunit": "^9.1"
            },
            "type": "wordpress-plugin",
            "authors": [
                {
                    "name": "Ollie Treend",
                    "email": "ollie.treend@digital.justice.gov.uk"
                }
            ],
            "description": "A WordPress plugin which rewrites media attachment URLs to S3.",
            "support": {
                "source": "https://github.com/ministryofjustice/wp-rewrite-media-to-s3/tree/0.3.1",
                "issues": "https://github.com/ministryofjustice/wp-rewrite-media-to-s3/issues"
            },
            "time": "2020-05-14T16:29:40+00:00"
        },
        {
            "name": "ministryofjustice/wp-user-roles",
            "version": "1.0.1",
            "source": {
                "type": "git",
                "url": "https://github.com/ministryofjustice/wp-user-roles.git",
                "reference": "4368697221992ed0b2c2a9cfd6c3f4c283672a86"
            },
            "dist": {
                "type": "zip",
                "url": "https://composer.wp.dsd.io/dist/ministryofjustice/wp-user-roles/ministryofjustice-wp-user-roles-4368697221992ed0b2c2a9cfd6c3f4c283672a86-zip-ae34f6.zip",
                "reference": "4368697221992ed0b2c2a9cfd6c3f4c283672a86",
                "shasum": "c745bf390e7020f34c5aacdfd779f56f87dc8626"
            },
            "require": {
                "composer/installers": "^1.0"
            },
            "type": "wordpress-plugin",
            "authors": [
                {
                    "name": "Ollie Treend",
                    "email": "ollie.treend@digital.justice.gov.uk"
                },
                {
                    "name": "James Devon",
                    "email": "james.devon@digital.justice.gov.uk"
                },
                {
                    "name": "Damien Wilson",
                    "email": "damien.wilson@digital.justice.gov.uk"
                }
            ],
            "description": "A WordPress plugin to create user roles typically required by a MOJDigital WordPress site",
            "support": {
                "source": "https://github.com/ministryofjustice/wp-user-roles/tree/1.0.1",
                "issues": "https://github.com/ministryofjustice/wp-user-roles/issues"
            },
            "time": "2022-02-23T10:59:00+00:00"
        },
        {
            "name": "oscarotero/env",
            "version": "v1.2.0",
            "source": {
                "type": "git",
                "url": "https://github.com/oscarotero/env.git",
                "reference": "4ab45ce5c1f2c62549208426bfa20a3d5fa008c6"
            },
            "dist": {
                "type": "zip",
                "url": "https://api.github.com/repos/oscarotero/env/zipball/4ab45ce5c1f2c62549208426bfa20a3d5fa008c6",
                "reference": "4ab45ce5c1f2c62549208426bfa20a3d5fa008c6",
                "shasum": ""
            },
            "require": {
                "ext-ctype": "*",
                "php": ">=5.2"
            },
            "type": "library",
            "autoload": {
                "psr-0": {
                    "Env": "src/"
                }
            },
            "notification-url": "https://packagist.org/downloads/",
            "license": [
                "MIT"
            ],
            "authors": [
                {
                    "name": "Oscar Otero",
                    "email": "oom@oscarotero.com",
                    "homepage": "http://oscarotero.com",
                    "role": "Developer"
                }
            ],
            "description": "Simple library to consume environment variables",
            "homepage": "https://github.com/oscarotero/env",
            "keywords": [
                "env"
            ],
            "support": {
                "email": "oom@oscarotero.com",
                "issues": "https://github.com/oscarotero/env/issues",
                "source": "https://github.com/oscarotero/env/tree/v1.2.0"
            },
            "time": "2019-04-03T18:28:43+00:00"
        },
        {
            "name": "roots/wp-password-bcrypt",
            "version": "1.1.0",
            "source": {
                "type": "git",
                "url": "https://github.com/roots/wp-password-bcrypt.git",
                "reference": "15f0d8919fb3731f79a0cf2fb47e1baecb86cb26"
            },
            "dist": {
                "type": "zip",
                "url": "https://api.github.com/repos/roots/wp-password-bcrypt/zipball/15f0d8919fb3731f79a0cf2fb47e1baecb86cb26",
                "reference": "15f0d8919fb3731f79a0cf2fb47e1baecb86cb26",
                "shasum": ""
            },
            "require": {
                "php": ">=5.6.0"
            },
            "require-dev": {
                "brain/monkey": "^2.6",
                "dealerdirect/phpcodesniffer-composer-installer": "^0.7.0",
                "mockery/mockery": "^1.4",
                "phpcompatibility/php-compatibility": "^9.3",
                "phpunit/phpunit": "<= 9.3",
                "squizlabs/php_codesniffer": "^3.5"
            },
            "type": "library",
            "autoload": {
                "files": [
                    "wp-password-bcrypt.php"
                ]
            },
            "notification-url": "https://packagist.org/downloads/",
            "license": [
                "MIT"
            ],
            "authors": [
                {
                    "name": "Scott Walkinshaw",
                    "email": "scott.walkinshaw@gmail.com",
                    "homepage": "https://github.com/swalkinshaw"
                },
                {
                    "name": "QWp6t",
                    "homepage": "https://github.com/qwp6t"
                },
                {
                    "name": "Brandon Nifong",
                    "homepage": "https://github.com/log1x"
                },
                {
                    "name": "Jan Pingel",
                    "email": "jpingel@bitpiston.com",
                    "homepage": "http://janpingel.com"
                }
            ],
            "description": "WordPress plugin which replaces wp_hash_password and wp_check_password's phpass hasher with PHP 5.5's password_hash and password_verify using bcrypt.",
            "homepage": "https://roots.io/plugins/wp-password-bcrypt",
            "keywords": [
                "bcrypt",
                "passwords",
                "wordpress"
            ],
            "support": {
                "forum": "https://discourse.roots.io/",
                "issues": "https://github.com/roots/wp-password-bcrypt/issues",
                "source": "https://github.com/roots/wp-password-bcrypt/tree/1.1.0"
            },
            "funding": [
                {
                    "url": "https://github.com/roots",
                    "type": "github"
                },
                {
                    "url": "https://www.patreon.com/rootsdev",
                    "type": "patreon"
                }
            ],
            "time": "2021-10-31T01:18:58+00:00"
        },
        {
            "name": "symfony/polyfill-ctype",
            "version": "v1.24.0",
            "source": {
                "type": "git",
                "url": "https://github.com/symfony/polyfill-ctype.git",
                "reference": "30885182c981ab175d4d034db0f6f469898070ab"
            },
            "dist": {
                "type": "zip",
                "url": "https://api.github.com/repos/symfony/polyfill-ctype/zipball/30885182c981ab175d4d034db0f6f469898070ab",
                "reference": "30885182c981ab175d4d034db0f6f469898070ab",
                "shasum": ""
            },
            "require": {
                "php": ">=7.1"
            },
            "provide": {
                "ext-ctype": "*"
            },
            "suggest": {
                "ext-ctype": "For best performance"
            },
            "type": "library",
            "extra": {
                "branch-alias": {
                    "dev-main": "1.23-dev"
                },
                "thanks": {
                    "name": "symfony/polyfill",
                    "url": "https://github.com/symfony/polyfill"
                }
            },
            "autoload": {
                "files": [
                    "bootstrap.php"
                ],
                "psr-4": {
                    "Symfony\\Polyfill\\Ctype\\": ""
                }
            },
            "notification-url": "https://packagist.org/downloads/",
            "license": [
                "MIT"
            ],
            "authors": [
                {
                    "name": "Gert de Pagter",
                    "email": "BackEndTea@gmail.com"
                },
                {
                    "name": "Symfony Community",
                    "homepage": "https://symfony.com/contributors"
                }
            ],
            "description": "Symfony polyfill for ctype functions",
            "homepage": "https://symfony.com",
            "keywords": [
                "compatibility",
                "ctype",
                "polyfill",
                "portable"
            ],
            "support": {
                "source": "https://github.com/symfony/polyfill-ctype/tree/v1.24.0"
            },
            "funding": [
                {
                    "url": "https://symfony.com/sponsor",
                    "type": "custom"
                },
                {
                    "url": "https://github.com/fabpot",
                    "type": "github"
                },
                {
                    "url": "https://tidelift.com/funding/github/packagist/symfony/symfony",
                    "type": "tidelift"
                }
            ],
            "time": "2021-10-20T20:35:02+00:00"
        },
        {
            "name": "vlucas/phpdotenv",
            "version": "v2.6.9",
            "source": {
                "type": "git",
                "url": "https://github.com/vlucas/phpdotenv.git",
                "reference": "2e93cc98e2e8e869f8d9cfa61bb3a99ba4fc4141"
            },
            "dist": {
                "type": "zip",
                "url": "https://api.github.com/repos/vlucas/phpdotenv/zipball/2e93cc98e2e8e869f8d9cfa61bb3a99ba4fc4141",
                "reference": "2e93cc98e2e8e869f8d9cfa61bb3a99ba4fc4141",
                "shasum": ""
            },
            "require": {
                "php": "^5.3.9 || ^7.0 || ^8.0",
                "symfony/polyfill-ctype": "^1.17"
            },
            "require-dev": {
                "ext-filter": "*",
                "ext-pcre": "*",
                "phpunit/phpunit": "^4.8.36 || ^5.7.27 || ^6.5.14 || ^7.5.20 || ^8.5.21"
            },
            "suggest": {
                "ext-filter": "Required to use the boolean validator.",
                "ext-pcre": "Required to use most of the library."
            },
            "type": "library",
            "extra": {
                "branch-alias": {
                    "dev-master": "2.6-dev"
                }
            },
            "autoload": {
                "psr-4": {
                    "Dotenv\\": "src/"
                }
            },
            "notification-url": "https://packagist.org/downloads/",
            "license": [
                "BSD-3-Clause"
            ],
            "authors": [
                {
                    "name": "Graham Campbell",
                    "email": "hello@gjcampbell.co.uk",
                    "homepage": "https://github.com/GrahamCampbell"
                },
                {
                    "name": "Vance Lucas",
                    "email": "vance@vancelucas.com",
                    "homepage": "https://github.com/vlucas"
                }
            ],
            "description": "Loads environment variables from `.env` to `getenv()`, `$_ENV` and `$_SERVER` automagically.",
            "keywords": [
                "dotenv",
                "env",
                "environment"
            ],
            "support": {
                "issues": "https://github.com/vlucas/phpdotenv/issues",
                "source": "https://github.com/vlucas/phpdotenv/tree/v2.6.9"
            },
            "funding": [
                {
                    "url": "https://github.com/GrahamCampbell",
                    "type": "github"
                },
                {
                    "url": "https://tidelift.com/funding/github/packagist/vlucas/phpdotenv",
                    "type": "tidelift"
                }
            ],
            "time": "2021-12-12T22:59:22+00:00"
        },
        {
            "name": "wpackagist-plugin/advanced-responsive-video-embedder",
            "version": "9.7.5",
            "source": {
                "type": "svn",
                "url": "https://plugins.svn.wordpress.org/advanced-responsive-video-embedder/",
                "reference": "tags/9.7.5"
            },
            "dist": {
                "type": "zip",
                "url": "https://downloads.wordpress.org/plugin/advanced-responsive-video-embedder.9.7.5.zip"
            },
            "require": {
                "composer/installers": "^1.0 || ^2.0"
            },
            "type": "wordpress-plugin",
            "homepage": "https://wordpress.org/plugins/advanced-responsive-video-embedder/"
        },
        {
            "name": "wpackagist-plugin/analytify-analytics-dashboard-widget",
            "version": "2.0.3",
            "source": {
                "type": "svn",
                "url": "https://plugins.svn.wordpress.org/analytify-analytics-dashboard-widget/",
                "reference": "tags/2.0.3"
            },
            "dist": {
                "type": "zip",
                "url": "https://downloads.wordpress.org/plugin/analytify-analytics-dashboard-widget.2.0.3.zip"
            },
            "require": {
                "composer/installers": "^1.0 || ^2.0"
            },
            "type": "wordpress-plugin",
            "homepage": "https://wordpress.org/plugins/analytify-analytics-dashboard-widget/"
        },
        {
            "name": "wpackagist-plugin/classic-editor",
            "version": "1.6.2",
            "source": {
                "type": "svn",
                "url": "https://plugins.svn.wordpress.org/classic-editor/",
                "reference": "tags/1.6.2"
            },
            "dist": {
                "type": "zip",
                "url": "https://downloads.wordpress.org/plugin/classic-editor.1.6.2.zip"
            },
            "require": {
                "composer/installers": "^1.0 || ^2.0"
            },
            "type": "wordpress-plugin",
            "homepage": "https://wordpress.org/plugins/classic-editor/"
        },
        {
            "name": "wpackagist-plugin/safe-redirect-manager",
            "version": "1.10.1",
            "source": {
                "type": "svn",
                "url": "https://plugins.svn.wordpress.org/safe-redirect-manager/",
                "reference": "tags/1.10.1"
            },
            "dist": {
                "type": "zip",
                "url": "https://downloads.wordpress.org/plugin/safe-redirect-manager.1.10.1.zip"
            },
            "require": {
                "composer/installers": "^1.0 || ^2.0"
            },
            "type": "wordpress-plugin",
            "homepage": "https://wordpress.org/plugins/safe-redirect-manager/"
        },
        {
            "name": "wpackagist-plugin/tao-schedule-update",
            "version": "1.15",
            "source": {
                "type": "svn",
                "url": "https://plugins.svn.wordpress.org/tao-schedule-update/",
                "reference": "tags/1.15"
            },
            "dist": {
                "type": "zip",
                "url": "https://downloads.wordpress.org/plugin/tao-schedule-update.1.15.zip"
            },
            "require": {
                "composer/installers": "^1.0 || ^2.0"
            },
            "type": "wordpress-plugin",
            "homepage": "https://wordpress.org/plugins/tao-schedule-update/"
        },
        {
            "name": "wpackagist-plugin/wp-analytify",
            "version": "4.1.6",
            "source": {
                "type": "svn",
                "url": "https://plugins.svn.wordpress.org/wp-analytify/",
                "reference": "tags/4.1.6"
            },
            "dist": {
                "type": "zip",
                "url": "https://downloads.wordpress.org/plugin/wp-analytify.4.1.6.zip"
            },
            "require": {
                "composer/installers": "^1.0 || ^2.0"
            },
            "type": "wordpress-plugin",
            "homepage": "https://wordpress.org/plugins/wp-analytify/"
        }
    ],
    "packages-dev": [
        {
            "name": "squizlabs/php_codesniffer",
            "version": "2.9.2",
            "source": {
                "type": "git",
                "url": "https://github.com/squizlabs/PHP_CodeSniffer.git",
                "reference": "2acf168de78487db620ab4bc524135a13cfe6745"
            },
            "dist": {
                "type": "zip",
                "url": "https://api.github.com/repos/squizlabs/PHP_CodeSniffer/zipball/2acf168de78487db620ab4bc524135a13cfe6745",
                "reference": "2acf168de78487db620ab4bc524135a13cfe6745",
                "shasum": ""
            },
            "require": {
                "ext-simplexml": "*",
                "ext-tokenizer": "*",
                "ext-xmlwriter": "*",
                "php": ">=5.1.2"
            },
            "require-dev": {
                "phpunit/phpunit": "~4.0"
            },
            "bin": [
                "scripts/phpcs",
                "scripts/phpcbf"
            ],
            "type": "library",
            "extra": {
                "branch-alias": {
                    "dev-master": "2.x-dev"
                }
            },
            "autoload": {
                "classmap": [
                    "CodeSniffer.php",
                    "CodeSniffer/CLI.php",
                    "CodeSniffer/Exception.php",
                    "CodeSniffer/File.php",
                    "CodeSniffer/Fixer.php",
                    "CodeSniffer/Report.php",
                    "CodeSniffer/Reporting.php",
                    "CodeSniffer/Sniff.php",
                    "CodeSniffer/Tokens.php",
                    "CodeSniffer/Reports/",
                    "CodeSniffer/Tokenizers/",
                    "CodeSniffer/DocGenerators/",
                    "CodeSniffer/Standards/AbstractPatternSniff.php",
                    "CodeSniffer/Standards/AbstractScopeSniff.php",
                    "CodeSniffer/Standards/AbstractVariableSniff.php",
                    "CodeSniffer/Standards/IncorrectPatternException.php",
                    "CodeSniffer/Standards/Generic/Sniffs/",
                    "CodeSniffer/Standards/MySource/Sniffs/",
                    "CodeSniffer/Standards/PEAR/Sniffs/",
                    "CodeSniffer/Standards/PSR1/Sniffs/",
                    "CodeSniffer/Standards/PSR2/Sniffs/",
                    "CodeSniffer/Standards/Squiz/Sniffs/",
                    "CodeSniffer/Standards/Zend/Sniffs/"
                ]
            },
            "notification-url": "https://packagist.org/downloads/",
            "license": [
                "BSD-3-Clause"
            ],
            "authors": [
                {
                    "name": "Greg Sherwood",
                    "role": "lead"
                }
            ],
            "description": "PHP_CodeSniffer tokenizes PHP, JavaScript and CSS files and detects violations of a defined set of coding standards.",
            "homepage": "http://www.squizlabs.com/php-codesniffer",
            "keywords": [
                "phpcs",
                "standards"
            ],
            "support": {
                "issues": "https://github.com/squizlabs/PHP_CodeSniffer/issues",
                "source": "https://github.com/squizlabs/PHP_CodeSniffer",
                "wiki": "https://github.com/squizlabs/PHP_CodeSniffer/wiki"
            },
            "time": "2018-11-07T22:31:41+00:00"
        }
    ],
    "aliases": [],
    "minimum-stability": "stable",
    "stability-flags": [],
    "prefer-stable": false,
    "prefer-lowest": false,
    "platform": {
        "php": ">=5.6"
    },
    "platform-dev": [],
    "plugin-api-version": "2.1.0"
}
